
Microsoft Visual Studio Solution File, Format Version 12.00
# Visual Studio Version 16
VisualStudioVersion = 16.0.31702.278
MinimumVisualStudioVersion = 10.0.40219.1
Project("{9A19103F-16F7-4668-BE54-9A1E7A4F7556}") = "PriorityDogs", "PriorityDogs.csproj", "{2D3E8B5F-10CF-4883-88AD-B3F1EBC6FA37}"
EndProject
Global
	GlobalSection(SolutionConfigurationPlatforms) = preSolution
		Debug|Any CPU = Debug|Any CPU
		Release|Any CPU = Release|Any CPU
	EndGlobalSection
	GlobalSection(ProjectConfigurationPlatforms) = postSolution
		{2D3E8B5F-10CF-4883-88AD-B3F1EBC6FA37}.Debug|Any CPU.ActiveCfg = Debug|Any CPU
		{2D3E8B5F-10CF-4883-88AD-B3F1EBC6FA37}.Debug|Any CPU.Build.0 = Debug|Any CPU
		{2D3E8B5F-10CF-4883-88AD-B3F1EBC6FA37}.Release|Any CPU.ActiveCfg = Release|Any CPU
		{2D3E8B5F-10CF-4883-88AD-B3F1EBC6FA37}.Release|Any CPU.Build.0 = Release|Any CPU
	EndGlobalSection
	GlobalSection(SolutionProperties) = preSolution
		HideSolutionNode = FALSE
	EndGlobalSection
	GlobalSection(ExtensibilityGlobals) = postSolution
		SolutionGuid = {39A9D71E-16C4-4FFC-BEBC-8EC175D3932D}
	EndGlobalSection
EndGlobal
